
Microsoft Visual Studio Solution File, Format Version 12.00
# Visual Studio 15
VisualStudioVersion = 15.0.27130.0
MinimumVisualStudioVersion = 10.0.40219.1
Project("{FAE04EC0-301F-11D3-BF4B-00C04F79EFBC}") = "NSelene", "NSelene\NSelene.csproj", "{599AA86D-5BE7-43A8-930D-B372BAC55F6A}"
EndProject
Project("{FAE04EC0-301F-11D3-BF4B-00C04F79EFBC}") = "NSeleneExamples", "NSeleneExamples\NSeleneExamples.csproj", "{ACB38C9A-3FB4-4E2A-801F-C4012E0F8F80}"
EndProject
Project("{FAE04EC0-301F-11D3-BF4B-00C04F79EFBC}") = "NSeleneTests", "NSeleneTests\NSeleneTests.csproj", "{78758099-56DF-44D6-B898-C9875BF8758F}"
EndProject
Global
	GlobalSection(SolutionConfigurationPlatforms) = preSolution
		Debug|Any CPU = Debug|Any CPU
		Release|Any CPU = Release|Any CPU
	EndGlobalSection
	GlobalSection(ProjectConfigurationPlatforms) = postSolution
		{599AA86D-5BE7-43A8-930D-B372BAC55F6A}.Debug|Any CPU.ActiveCfg = Debug|Any CPU
		{599AA86D-5BE7-43A8-930D-B372BAC55F6A}.Debug|Any CPU.Build.0 = Debug|Any CPU
		{599AA86D-5BE7-43A8-930D-B372BAC55F6A}.Release|Any CPU.ActiveCfg = Release|Any CPU
		{599AA86D-5BE7-43A8-930D-B372BAC55F6A}.Release|Any CPU.Build.0 = Release|Any CPU
		{ACB38C9A-3FB4-4E2A-801F-C4012E0F8F80}.Debug|Any CPU.ActiveCfg = Debug|Any CPU
		{ACB38C9A-3FB4-4E2A-801F-C4012E0F8F80}.Debug|Any CPU.Build.0 = Debug|Any CPU
		{ACB38C9A-3FB4-4E2A-801F-C4012E0F8F80}.Release|Any CPU.ActiveCfg = Release|Any CPU
		{ACB38C9A-3FB4-4E2A-801F-C4012E0F8F80}.Release|Any CPU.Build.0 = Release|Any CPU
		{78758099-56DF-44D6-B898-C9875BF8758F}.Debug|Any CPU.ActiveCfg = Debug|Any CPU
		{78758099-56DF-44D6-B898-C9875BF8758F}.Debug|Any CPU.Build.0 = Debug|Any CPU
		{78758099-56DF-44D6-B898-C9875BF8758F}.Release|Any CPU.ActiveCfg = Release|Any CPU
		{78758099-56DF-44D6-B898-C9875BF8758F}.Release|Any CPU.Build.0 = Release|Any CPU
	EndGlobalSection
	GlobalSection(SolutionProperties) = preSolution
		HideSolutionNode = FALSE
	EndGlobalSection
	GlobalSection(ExtensibilityGlobals) = postSolution
		SolutionGuid = {875C663D-3D27-41BF-8FC8-34E75C62E3F3}
	EndGlobalSection
EndGlobal
